
Microsoft Visual Studio Solution File, Format Version 12.00
# Visual Studio Version 17
VisualStudioVersion = 17.9.34728.123
MinimumVisualStudioVersion = 10.0.40219.1
Project("{FAE04EC0-301F-11D3-BF4B-00C04F79EFBC}") = "MoneyTracker", "MoneyTracker\MoneyTracker.csproj", "{5F4F82E7-5F04-467A-9FDC-A59B26C62023}"
EndProject
Project("{2150E333-8FDC-42A3-9474-1A3956D46DE8}") = "Solution Items", "Solution Items", "{1ED87B59-4BB1-479B-B17A-F250176FBF74}"
	ProjectSection(SolutionItems) = preProject
		.gitignore = .gitignore
	EndProjectSection
EndProject
Global
	GlobalSection(SolutionConfigurationPlatforms) = preSolution
		Debug|Any CPU = Debug|Any CPU
		Release|Any CPU = Release|Any CPU
	EndGlobalSection
	GlobalSection(ProjectConfigurationPlatforms) = postSolution
		{5F4F82E7-5F04-467A-9FDC-A59B26C62023}.Debug|Any CPU.ActiveCfg = Debug|Any CPU
		{5F4F82E7-5F04-467A-9FDC-A59B26C62023}.Debug|Any CPU.Build.0 = Debug|Any CPU
		{5F4F82E7-5F04-467A-9FDC-A59B26C62023}.Release|Any CPU.ActiveCfg = Release|Any CPU
		{5F4F82E7-5F04-467A-9FDC-A59B26C62023}.Release|Any CPU.Build.0 = Release|Any CPU
	EndGlobalSection
	GlobalSection(SolutionProperties) = preSolution
		HideSolutionNode = FALSE
	EndGlobalSection
	GlobalSection(ExtensibilityGlobals) = postSolution
		SolutionGuid = {32B31D9F-4CB9-45B1-AD2D-D6FAD7E9D093}
	EndGlobalSection
EndGlobal
